
Microsoft Visual Studio Solution File, Format Version 12.00
# Visual Studio Version 17
VisualStudioVersion = 17.4.33213.308
MinimumVisualStudioVersion = 10.0.40219.1
Project("{9A19103F-16F7-4668-BE54-9A1E7A4F7556}") = "Nautilus", "Nautilus\Nautilus.csproj", "{2E5716A2-4A76-4753-B705-78D9D8D73882}"
EndProject
Project("{E53339B2-1760-4266-BCC7-CA923CBCF16C}") = "docker-compose", "docker-compose.dcproj", "{F76256C9-186A-440A-A0BE-6F8D255006F0}"
EndProject
Global
	GlobalSection(SolutionConfigurationPlatforms) = preSolution
		Debug|Any CPU = Debug|Any CPU
		Release|Any CPU = Release|Any CPU
	EndGlobalSection
	GlobalSection(ProjectConfigurationPlatforms) = postSolution
		{2E5716A2-4A76-4753-B705-78D9D8D73882}.Debug|Any CPU.ActiveCfg = Debug|Any CPU
		{2E5716A2-4A76-4753-B705-78D9D8D73882}.Debug|Any CPU.Build.0 = Debug|Any CPU
		{2E5716A2-4A76-4753-B705-78D9D8D73882}.Release|Any CPU.ActiveCfg = Release|Any CPU
		{2E5716A2-4A76-4753-B705-78D9D8D73882}.Release|Any CPU.Build.0 = Release|Any CPU
		{F76256C9-186A-440A-A0BE-6F8D255006F0}.Debug|Any CPU.ActiveCfg = Debug|Any CPU
		{F76256C9-186A-440A-A0BE-6F8D255006F0}.Debug|Any CPU.Build.0 = Debug|Any CPU
		{F76256C9-186A-440A-A0BE-6F8D255006F0}.Release|Any CPU.ActiveCfg = Release|Any CPU
		{F76256C9-186A-440A-A0BE-6F8D255006F0}.Release|Any CPU.Build.0 = Release|Any CPU
	EndGlobalSection
	GlobalSection(SolutionProperties) = preSolution
		HideSolutionNode = FALSE
	EndGlobalSection
	GlobalSection(ExtensibilityGlobals) = postSolution
		SolutionGuid = {15A53CE8-8ABB-460F-A281-B9B82065D6F9}
	EndGlobalSection
EndGlobal
